
Microsoft Visual Studio Solution File, Format Version 12.00
# Visual Studio Version 16
VisualStudioVersion = 16.0.809.6
MinimumVisualStudioVersion = 10.0.40219.1
Project("{FAE04EC0-301F-11D3-BF4B-00C04F79EFBC}") = "ToDoListConsoleApp", "ToDoListConsoleApp\ToDoListConsoleApp.csproj", "{D7FC9BDC-C902-4A97-AE93-F8501013720F}"
EndProject
Global
	GlobalSection(SolutionConfigurationPlatforms) = preSolution
		Debug|Any CPU = Debug|Any CPU
		Release|Any CPU = Release|Any CPU
	EndGlobalSection
	GlobalSection(ProjectConfigurationPlatforms) = postSolution
		{D7FC9BDC-C902-4A97-AE93-F8501013720F}.Debug|Any CPU.ActiveCfg = Debug|Any CPU
		{D7FC9BDC-C902-4A97-AE93-F8501013720F}.Debug|Any CPU.Build.0 = Debug|Any CPU
		{D7FC9BDC-C902-4A97-AE93-F8501013720F}.Release|Any CPU.ActiveCfg = Release|Any CPU
		{D7FC9BDC-C902-4A97-AE93-F8501013720F}.Release|Any CPU.Build.0 = Release|Any CPU
	EndGlobalSection
	GlobalSection(SolutionProperties) = preSolution
		HideSolutionNode = FALSE
	EndGlobalSection
	GlobalSection(ExtensibilityGlobals) = postSolution
		SolutionGuid = {EB4451F8-B303-4783-AB6C-426F63F83F2A}
	EndGlobalSection
EndGlobal
